
Microsoft Visual Studio Solution File, Format Version 12.00
# Visual Studio Version 17
VisualStudioVersion = 17.4.33103.184
MinimumVisualStudioVersion = 10.0.40219.1
Project("{9A19103F-16F7-4668-BE54-9A1E7A4F7556}") = "TestsGenerator.Core", "TestsGenerator.Core\TestsGenerator.Core.csproj", "{530A7360-132E-4862-9E46-ABAE4625FCE1}"
EndProject
Project("{9A19103F-16F7-4668-BE54-9A1E7A4F7556}") = "TestsGenerator.ConsoleApp", "TestsGenerator.ConsoleApp\TestsGenerator.ConsoleApp.csproj", "{827FDF34-0305-42D6-AB70-46C3759D1562}"
EndProject
Project("{9A19103F-16F7-4668-BE54-9A1E7A4F7556}") = "TestsGenerator.Core.Tests", "TestsGenerator.Core.Tests\TestsGenerator.Core.Tests.csproj", "{7B1FD6D3-B889-429C-92B1-D8534CD6E44E}"
	ProjectSection(ProjectDependencies) = postProject
		{827FDF34-0305-42D6-AB70-46C3759D1562} = {827FDF34-0305-42D6-AB70-46C3759D1562}
	EndProjectSection
EndProject
Global
	GlobalSection(SolutionConfigurationPlatforms) = preSolution
		Debug|Any CPU = Debug|Any CPU
		Release|Any CPU = Release|Any CPU
	EndGlobalSection
	GlobalSection(ProjectConfigurationPlatforms) = postSolution
		{530A7360-132E-4862-9E46-ABAE4625FCE1}.Debug|Any CPU.ActiveCfg = Debug|Any CPU
		{530A7360-132E-4862-9E46-ABAE4625FCE1}.Debug|Any CPU.Build.0 = Debug|Any CPU
		{530A7360-132E-4862-9E46-ABAE4625FCE1}.Release|Any CPU.ActiveCfg = Release|Any CPU
		{530A7360-132E-4862-9E46-ABAE4625FCE1}.Release|Any CPU.Build.0 = Release|Any CPU
		{827FDF34-0305-42D6-AB70-46C3759D1562}.Debug|Any CPU.ActiveCfg = Debug|Any CPU
		{827FDF34-0305-42D6-AB70-46C3759D1562}.Debug|Any CPU.Build.0 = Debug|Any CPU
		{827FDF34-0305-42D6-AB70-46C3759D1562}.Release|Any CPU.ActiveCfg = Release|Any CPU
		{827FDF34-0305-42D6-AB70-46C3759D1562}.Release|Any CPU.Build.0 = Release|Any CPU
		{7B1FD6D3-B889-429C-92B1-D8534CD6E44E}.Debug|Any CPU.ActiveCfg = Debug|Any CPU
		{7B1FD6D3-B889-429C-92B1-D8534CD6E44E}.Debug|Any CPU.Build.0 = Debug|Any CPU
		{7B1FD6D3-B889-429C-92B1-D8534CD6E44E}.Release|Any CPU.ActiveCfg = Release|Any CPU
		{7B1FD6D3-B889-429C-92B1-D8534CD6E44E}.Release|Any CPU.Build.0 = Release|Any CPU
	EndGlobalSection
	GlobalSection(SolutionProperties) = preSolution
		HideSolutionNode = FALSE
	EndGlobalSection
	GlobalSection(ExtensibilityGlobals) = postSolution
		SolutionGuid = {CF94CA68-F4B9-4584-9214-E14B4CB577D9}
	EndGlobalSection
EndGlobal
